{
  "name": "crypto-signal-bot",
  "version": "1.0.0",
  "lockfileVersion": 3,
  "requires": true,
  "packages": {
    "": {
      "name": "crypto-signal-bot",
      "version": "1.0.0",
      "license": "MIT",
      "dependencies": {
        "ccxt": "^4.2.0",
        "dotenv": "^16.4.5"
      }
    },
    "node_modules/ccxt": {
      "version": "4.5.46",
      "resolved": "https://registry.npmjs.org/ccxt/-/ccxt-4.5.46.tgz",
      "integrity": "sha512-C0GJSOKWbF+u9tWKeyP1IatZPtFJ0ZQcEjX37lTz8PiFI9STtZbxvYNDReuShsjrtoHyTvMPm00Rgn7uW0MWpw==",
      "hasInstallScript": true,
      "dependencies": {
        "ws": "^8.8.1"
      },
      "engines": {
        "node": ">=15.0.0"
      }
    },
    "node_modules/dotenv": {
      "version": "16.6.1",
      "resolved": "https://registry.npmjs.org/dotenv/-/dotenv-16.6.1.tgz",
      "integrity": "sha512-uBq4egWHTcTt33a72vpSG0z3HnPuIl6NqYcTrKEg2azoEyl2hpW0zqlxysq2pK9HlDIHyHyakeYaYnSAwd8bow==",
      "engines": {
        "node": ">=12"
      },
      "funding": {
        "url": "https://dotenvx.com"
      }
    },
    "node_modules/ws": {
      "version": "8.20.0",
      "resolved": "https://registry.npmjs.org/ws/-/ws-8.20.0.tgz",
      "integrity": "sha512-sAt8BhgNbzCtgGbt2OxmpuryO63ZoDk/sqaB/znQm94T4fCEsy/yV+7CdC1kJhOU9lboAEU7R3kquuycDoibVA==",
      "engines": {
        "node": ">=10.0.0"
      },
      "peerDependencies": {
        "bufferutil": "^4.0.1",
        "utf-8-validate": ">=5.0.2"
      },
      "peerDependenciesMeta": {
        "bufferutil": {
          "optional": true
        },
        "utf-8-validate": {
          "optional": true
        }
      }
    }
  }
}
